// !$*UTF8*$!
{
	archiveVersion = 1;
	classes = {
	};
	objectVersion = 77;
	objects = {

/* Begin PBXContainerItemProxy section */
		25D6D2E52E7F5B4E003013B0 /* PBXContainerItemProxy */ = {
			isa = PBXContainerItemProxy;
			containerPortal = 25D6D2C62E7F5B4B003013B0 /* Project object */;
			proxyType = 1;
			remoteGlobalIDString = 25D6D2CD2E7F5B4B003013B0;
			remoteInfo = "Timer Swif";
		};
		25D6D2EF2E7F5B4E003013B0 /* PBXContainerItemProxy */ = {
			isa = PBXContainerItemProxy;
			containerPortal = 25D6D2C62E7F5B4B003013B0 /* Project object */;
			proxyType = 1;
			remoteGlobalIDString = 25D6D2CD2E7F5B4B003013B0;
			remoteInfo = "Timer Swif";
		};
/* End PBXContainerItemProxy section */

/* Begin PBXFileReference section */
		25D6D2CE2E7F5B4B003013B0 /* Timer Swif.app */ = {isa = PBXFileReference; explicitFileType = wrapper.application; includeInIndex = 0; path = "Timer Swif.app"; sourceTree = BUILT_PRODUCTS_DIR; };
		25D6D2E42E7F5B4E003013B0 /* Timer SwifTests.xctest */ = {isa = PBXFileReference; explicitFileType = wrapper.cfbundle; includeInIndex = 0; path = "Timer SwifTests.xctest"; sourceTree = BUILT_PRODUCTS_DIR; };
		25D6D2EE2E7F5B4E003013B0 /* Timer SwifUITests.xctest */ = {isa = PBXFileReference; explicitFileType = wrapper.cfbundle; includeInIndex = 0; path = "Timer SwifUITests.xctest"; sourceTree = BUILT_PRODUCTS_DIR; };
/* End PBXFileReference section */

/* Begin PBXFileSystemSynchronizedBuildFileExceptionSet section */
		25D6D2F62E7F5B4E003013B0 /* Exceptions for "Timer Swif" folder in "Timer Swif" target */ = {
			isa = PBXFileSystemSynchronizedBuildFileExceptionSet;
			membershipExceptions = (
				Info.plist,
			);
			target = 25D6D2CD2E7F5B4B003013B0 /* Timer Swif */;
		};
/* End PBXFileSystemSynchronizedBuildFileExceptionSet section */

/* Begin PBXFileSystemSynchronizedRootGroup section */
		25D6D2D02E7F5B4B003013B0 /* Timer Swif */ = {
			isa = PBXFileSystemSynchronizedRootGroup;
			exceptions = (
				25D6D2F62E7F5B4E003013B0 /* Exceptions for "Timer Swif" folder in "Timer Swif" target */,
			);
			path = "Timer Swif";
			sourceTree = "<group>";
		};
		25D6D2E72E7F5B4E003013B0 /* Timer SwifTests */ = {
			isa = PBXFileSystemSynchronizedRootGroup;
			path = "Timer SwifTests";
			sourceTree = "<group>";
		};
		25D6D2F12E7F5B4E003013B0 /* Timer SwifUITests */ = {
			isa = PBXFileSystemSynchronizedRootGroup;
			path = "Timer SwifUITests";
			sourceTree = "<group>";
		};
/* End PBXFileSystemSynchronizedRootGroup section */

/* Begin PBXFrameworksBuildPhase section */
		25D6D2CB2E7F5B4B003013B0 /* Frameworks */ = {
			isa = PBXFrameworksBuildPhase;
			buildActionMask = 2147483647;
			files = (
			);
			runOnlyForDeploymentPostprocessing = 0;
		};
		25D6D2E12E7F5B4E003013B0 /* Frameworks */ = {
			isa = PBXFrameworksBuildPhase;
			buildActionMask = 2147483647;
			files = (
			);
			runOnlyForDeploymentPostprocessing = 0;
		};
		25D6D2EB2E7F5B4E003013B0 /* Frameworks */ = {
			isa = PBXFrameworksBuildPhase;
			buildActionMask = 2147483647;
			files = (
			);
			runOnlyForDeploymentPostprocessing = 0;
		};
/* End PBXFrameworksBuildPhase section */

/* Begin PBXGroup section */
		25D6D2C52E7F5B4B003013B0 = {
			isa = PBXGroup;
			children = (
				25D6D2D02E7F5B4B003013B0 /* Timer Swif */,
				25D6D2E72E7F5B4E003013B0 /* Timer SwifTests */,
				25D6D2F12E7F5B4E003013B0 /* Timer SwifUITests */,
				25D6D2CF2E7F5B4B003013B0 /* Products */,
			);
			sourceTree = "<group>";
		};
		25D6D2CF2E7F5B4B003013B0 /* Products */ = {
			isa = PBXGroup;
			children = (
				25D6D2CE2E7F5B4B003013B0 /* Timer Swif.app */,
				25D6D2E42E7F5B4E003013B0 /* Timer SwifTests.xctest */,
				25D6D2EE2E7F5B4E003013B0 /* Timer SwifUITests.xctest */,
			);
			name = Products;
			sourceTree = "<group>";
		};
/* End PBXGroup section */

/* Begin PBXNativeTarget section */
		25D6D2CD2E7F5B4B003013B0 /* Timer Swif */ = {
			isa = PBXNativeTarget;
			buildConfigurationList = 25D6D2F72E7F5B4E003013B0 /* Build configuration list for PBXNativeTarget "Timer Swif" */;
			buildPhases = (
				25D6D2CA2E7F5B4B003013B0 /* Sources */,
				25D6D2CB2E7F5B4B003013B0 /* Frameworks */,
				25D6D2CC2E7F5B4B003013B0 /* Resources */,
			);
			buildRules = (
			);
			dependencies = (
			);
			fileSystemSynchronizedGroups = (
				25D6D2D02E7F5B4B003013B0 /* Timer Swif */,
			);
			name = "Timer Swif";
			packageProductDependencies = (
			);
			productName = "Timer Swif";
			productReference = 25D6D2CE2E7F5B4B003013B0 /* Timer Swif.app */;
			productType = "com.apple.product-type.application";
		};
		25D6D2E32E7F5B4E003013B0 /* Timer SwifTests */ = {
			isa = PBXNativeTarget;
			buildConfigurationList = 25D6D2FC2E7F5B4E003013B0 /* Build configuration list for PBXNativeTarget "Timer SwifTests" */;
			buildPhases = (
				25D6D2E02E7F5B4E003013B0 /* Sources */,
				25D6D2E12E7F5B4E003013B0 /* Frameworks */,
				25D6D2E22E7F5B4E003013B0 /* Resources */,
			);
			buildRules = (
			);
			dependencies = (
				25D6D2E62E7F5B4E003013B0 /* PBXTargetDependency */,
			);
			fileSystemSynchronizedGroups = (
				25D6D2E72E7F5B4E003013B0 /* Timer SwifTests */,
			);
			name = "Timer SwifTests";
			packageProductDependencies = (
			);
			productName = "Timer SwifTests";
			productReference = 25D6D2E42E7F5B4E003013B0 /* Timer SwifTests.xctest */;
			productType = "com.apple.product-type.bundle.unit-test";
		};
		25D6D2ED2E7F5B4E003013B0 /* Timer SwifUITests */ = {
			isa = PBXNativeTarget;
			buildConfigurationList = 25D6D2FF2E7F5B4E003013B0 /* Build configuration list for PBXNativeTarget "Timer SwifUITests" */;
			buildPhases = (
				25D6D2EA2E7F5B4E003013B0 /* Sources */,
				25D6D2EB2E7F5B4E003013B0 /* Frameworks */,
				25D6D2EC2E7F5B4E003013B0 /* Resources */,
			);
			buildRules = (
			);
			dependencies = (
				25D6D2F02E7F5B4E003013B0 /* PBXTargetDependency */,
			);
			fileSystemSynchronizedGroups = (
				25D6D2F12E7F5B4E003013B0 /* Timer SwifUITests */,
			);
			name = "Timer SwifUITests";
			packageProductDependencies = (
			);
			productName = "Timer SwifUITests";
			productReference = 25D6D2EE2E7F5B4E003013B0 /* Timer SwifUITests.xctest */;
			productType = "com.apple.product-type.bundle.ui-testing";
		};
/* End PBXNativeTarget section */

/* Begin PBXProject section */
		25D6D2C62E7F5B4B003013B0 /* Project object */ = {
			isa = PBXProject;
			attributes = {
				BuildIndependentTargetsInParallel = 1;
				LastSwiftUpdateCheck = 1620;
				LastUpgradeCheck = 1620;
				TargetAttributes = {
					25D6D2CD2E7F5B4B003013B0 = {
						CreatedOnToolsVersion = 16.2;
					};
					25D6D2E32E7F5B4E003013B0 = {
						CreatedOnToolsVersion = 16.2;
						TestTargetID = 25D6D2CD2E7F5B4B003013B0;
					};
					25D6D2ED2E7F5B4E003013B0 = {
						CreatedOnToolsVersion = 16.2;
						TestTargetID = 25D6D2CD2E7F5B4B003013B0;
					};
				};
			};
			buildConfigurationList = 25D6D2C92E7F5B4B003013B0 /* Build configuration list for PBXProject "Timer Swif" */;
			developmentRegion = en;
			hasScannedForEncodings = 0;
			knownRegions = (
				en,
				Base,
			);
			mainGroup = 25D6D2C52E7F5B4B003013B0;
			minimizedProjectReferenceProxies = 1;
			preferredProjectObjectVersion = 77;
			productRefGroup = 25D6D2CF2E7F5B4B003013B0 /* Products */;
			projectDirPath = "";
			projectRoot = "";
			targets = (
				25D6D2CD2E7F5B4B003013B0 /* Timer Swif */,
				25D6D2E32E7F5B4E003013B0 /* Timer SwifTests */,
				25D6D2ED2E7F5B4E003013B0 /* Timer SwifUITests */,
			);
		};
/* End PBXProject section */

/* Begin PBXResourcesBuildPhase section */
		25D6D2CC2E7F5B4B003013B0 /* Resources */ = {
			isa = PBXResourcesBuildPhase;
			buildActionMask = 2147483647;
			files = (
			);
			runOnlyForDeploymentPostprocessing = 0;
		};
		25D6D2E22E7F5B4E003013B0 /* Resources */ = {
			isa = PBXResourcesBuildPhase;
			buildActionMask = 2147483647;
			files = (
			);
			runOnlyForDeploymentPostprocessing = 0;
		};
		25D6D2EC2E7F5B4E003013B0 /* Resources */ = {
			isa = PBXResourcesBuildPhase;
			buildActionMask = 2147483647;
			files = (
			);
			runOnlyForDeploymentPostprocessing = 0;
		};
/* End PBXResourcesBuildPhase section */

/* Begin PBXSourcesBuildPhase section */
		25D6D2CA2E7F5B4B003013B0 /* Sources */ = {
			isa = PBXSourcesBuildPhase;
			buildActionMask = 2147483647;
			files = (
			);
			runOnlyForDeploymentPostprocessing = 0;
		};
		25D6D2E02E7F5B4E003013B0 /* Sources */ = {
			isa = PBXSourcesBuildPhase;
			buildActionMask = 2147483647;
			files = (
			);
			runOnlyForDeploymentPostprocessing = 0;
		};
		25D6D2EA2E7F5B4E003013B0 /* Sources */ = {
			isa = PBXSourcesBuildPhase;
			buildActionMask = 2147483647;
			files = (
			);
			runOnlyForDeploymentPostprocessing = 0;
		};
/* End PBXSourcesBuildPhase section */

/* Begin PBXTargetDependency section */
		25D6D2E62E7F5B4E003013B0 /* PBXTargetDependency */ = {
			isa = PBXTargetDependency;
			target = 25D6D2CD2E7F5B4B003013B0 /* Timer Swif */;
			targetProxy = 25D6D2E52E7F5B4E003013B0 /* PBXContainerItemProxy */;
		};
		25D6D2F02E7F5B4E003013B0 /* PBXTargetDependency */ = {
			isa = PBXTargetDependency;
			target = 25D6D2CD2E7F5B4B003013B0 /* Timer Swif */;
			targetProxy = 25D6D2EF2E7F5B4E003013B0 /* PBXContainerItemProxy */;
		};
/* End PBXTargetDependency section */

/* Begin XCBuildConfiguration section */
		25D6D2F82E7F5B4E003013B0 /* Debug */ = {
			isa = XCBuildConfiguration;
			buildSettings = {
				ASSETCATALOG_COMPILER_APPICON_NAME = AppIcon;
				ASSETCATALOG_COMPILER_GLOBAL_ACCENT_COLOR_NAME = AccentColor;
				CODE_SIGN_STYLE = Automatic;
				CURRENT_PROJECT_VERSION = 1;
				DEVELOPMENT_TEAM = QC8Z9GFDQU;
				GENERATE_INFOPLIST_FILE = YES;
				INFOPLIST_FILE = "Timer Swif/Info.plist";
				INFOPLIST_KEY_UIApplicationSupportsIndirectInputEvents = YES;
				INFOPLIST_KEY_UILaunchStoryboardName = LaunchScreen;
				INFOPLIST_KEY_UIMainStoryboardFile = Main;
				INFOPLIST_KEY_UISupportedInterfaceOrientations_iPad = "UIInterfaceOrientationPortrait UIInterfaceOrientationPortraitUpsideDown UIInterfaceOrientationLandscapeLeft UIInterfaceOrientationLandscapeRight";
				INFOPLIST_KEY_UISupportedInterfaceOrientations_iPhone = "UIInterfaceOrientationPortrait UIInterfaceOrientationLandscapeLeft UIInterfaceOrientationLandscapeRight";
				LD_RUNPATH_SEARCH_PATHS = (
					"$(inherited)",
					"@executable_path/Frameworks",
				);
				MARKETING_VERSION = 1.0;
				PRODUCT_BUNDLE_IDENTIFIER = "fabrialmera-services.Timer-Swif";
				PRODUCT_NAME = "$(TARGET_NAME)";
				SWIFT_EMIT_LOC_STRINGS = YES;
				SWIFT_VERSION = 5.0;
				TARGETED_DEVICE_FAMILY = "1,2";
			};
			name = Debug;
		};
		25D6D2F92E7F5B4E003013B0 /* Release */ = {
			isa = XCBuildConfiguration;
			buildSettings = {
				ASSETCATALOG_COMPILER_APPICON_NAME = AppIcon;
				ASSETCATALOG_COMPILER_GLOBAL_ACCENT_COLOR_NAME = AccentColor;
				CODE_SIGN_STYLE = Automatic;
				CURRENT_PROJECT_VERSION = 1;
				DEVELOPMENT_TEAM = QC8Z9GFDQU;
				GENERATE_INFOPLIST_FILE = YES;
				INFOPLIST_FILE = "Timer Swif/Info.plist";
				INFOPLIST_KEY_UIApplicationSupportsIndirectInputEvents = YES;
				INFOPLIST_KEY_UILaunchStoryboardName = LaunchScreen;
				INFOPLIST_KEY_UIMainStoryboardFile = Main;
				INFOPLIST_KEY_UISupportedInterfaceOrientations_iPad = "UIInterfaceOrientationPortrait UIInterfaceOrientationPortraitUpsideDown UIInterfaceOrientationLandscapeLeft UIInterfaceOrientationLandscapeRight";
				INFOPLIST_KEY_UISupportedInterfaceOrientations_iPhone = "UIInterfaceOrientationPortrait UIInterfaceOrientationLandscapeLeft UIInterfaceOrientationLandscapeRight";
				LD_RUNPATH_SEARCH_PATHS = (
					"$(inherited)",
					"@executable_path/Frameworks",
				);
				MARKETING_VERSION = 1.0;
				PRODUCT_BUNDLE_IDENTIFIER = "fabrialmera-services.Timer-Swif";
				PRODUCT_NAME = "$(TARGET_NAME)";
				SWIFT_EMIT_LOC_STRINGS = YES;
				SWIFT_VERSION = 5.0;
				TARGETED_DEVICE_FAMILY = "1,2";
			};
			name = Release;
		};
		25D6D2FA2E7F5B4E003013B0 /* Debug */ = {
			isa = XCBuildConfiguration;
			buildSettings = {
				ALWAYS_SEARCH_USER_PATHS = NO;
				ASSETCATALOG_COMPILER_GENERATE_SWIFT_ASSET_SYMBOL_EXTENSIONS = YES;
				CLANG_ANALYZER_NONNULL = YES;
				CLANG_ANALYZER_NUMBER_OBJECT_CONVERSION = YES_AGGRESSIVE;
				CLANG_CXX_LANGUAGE_STANDARD = "gnu++20";
				CLANG_ENABLE_MODULES = YES;
				CLANG_ENABLE_OBJC_ARC = YES;
				CLANG_ENABLE_OBJC_WEAK = YES;
				CLANG_WARN_BLOCK_CAPTURE_AUTORELEASING = YES;
				CLANG_WARN_BOOL_CONVERSION = YES;
				CLANG_WARN_COMMA = YES;
				CLANG_WARN_CONSTANT_CONVERSION = YES;
				CLANG_WARN_DEPRECATED_OBJC_IMPLEMENTATIONS = YES;
				CLANG_WARN_DIRECT_OBJC_ISA_USAGE = YES_ERROR;
				CLANG_WARN_DOCUMENTATION_COMMENTS = YES;
				CLANG_WARN_EMPTY_BODY = YES;
				CLANG_WARN_ENUM_CONVERSION = YES;
				CLANG_WARN_INFINITE_RECURSION = YES;
				CLANG_WARN_INT_CONVERSION = YES;
				CLANG_WARN_NON_LITERAL_NULL_CONVERSION = YES;
				CLANG_WARN_OBJC_IMPLICIT_RETAIN_SELF = YES;
				CLANG_WARN_OBJC_LITERAL_CONVERSION = YES;
				CLANG_WARN_OBJC_ROOT_CLASS = YES_ERROR;
				CLANG_WARN_QUOTED_INCLUDE_IN_FRAMEWORK_HEADER = YES;
				CLANG_WARN_RANGE_LOOP_ANALYSIS = YES;
				CLANG_WARN_STRICT_PROTOTYPES = YES;
				CLANG_WARN_SUSPICIOUS_MOVE = YES;
				CLANG_WARN_UNGUARDED_AVAILABILITY = YES_AGGRESSIVE;
				CLANG_WARN_UNREACHABLE_CODE = YES;
				CLANG_WARN__DUPLICATE_METHOD_MATCH = YES;
				COPY_PHASE_STRIP = NO;
				DEBUG_INFORMATION_FORMAT = dwarf;
				ENABLE_STRICT_OBJC_MSGSEND = YES;
				ENABLE_TESTABILITY = YES;
				ENABLE_USER_SCRIPT_SANDBOXING = YES;
				GCC_C_LANGUAGE_STANDARD = gnu17;
				GCC_DYNAMIC_NO_PIC = NO;
				GCC_NO_COMMON_BLOCKS = YES;
				GCC_OPTIMIZATION_LEVEL = 0;
				GCC_PREPROCESSOR_DEFINITIONS = (
					"DEBUG=1",
					"$(inherited)",
				);
				GCC_WARN_64_TO_32_BIT_CONVERSION = YES;
				GCC_WARN_ABOUT_RETURN_TYPE = YES_ERROR;
				GCC_WARN_UNDECLARED_SELECTOR = YES;
				GCC_WARN_UNINITIALIZED_AUTOS = YES_AGGRESSIVE;
				GCC_WARN_UNUSED_FUNCTION = YES;
				GCC_WARN_UNUSED_VARIABLE = YES;
				IPHONEOS_DEPLOYMENT_TARGET = 18.2;
				LOCALIZATION_PREFERS_STRING_CATALOGS = YES;
				MTL_ENABLE_DEBUG_INFO = INCLUDE_SOURCE;
				MTL_FAST_MATH = YES;
				ONLY_ACTIVE_ARCH = YES;
				SDKROOT = iphoneos;
				SWIFT_ACTIVE_COMPILATION_CONDITIONS = "DEBUG $(inherited)";
				SWIFT_OPTIMIZATION_LEVEL = "-Onone";
			};
			name = Debug;
		};
		25D6D2FB2E7F5B4E003013B0 /* Release */ = {
			isa = XCBuildConfiguration;
			buildSettings = {
				ALWAYS_SEARCH_USER_PATHS = NO;
				ASSETCATALOG_COMPILER_GENERATE_SWIFT_ASSET_SYMBOL_EXTENSIONS = YES;
				CLANG_ANALYZER_NONNULL = YES;
				CLANG_ANALYZER_NUMBER_OBJECT_CONVERSION = YES_AGGRESSIVE;
				CLANG_CXX_LANGUAGE_STANDARD = "gnu++20";
				CLANG_ENABLE_MODULES = YES;
				CLANG_ENABLE_OBJC_ARC = YES;
				CLANG_ENABLE_OBJC_WEAK = YES;
				CLANG_WARN_BLOCK_CAPTURE_AUTORELEASING = YES;
				CLANG_WARN_BOOL_CONVERSION = YES;
				CLANG_WARN_COMMA = YES;
				CLANG_WARN_CONSTANT_CONVERSION = YES;
				CLANG_WARN_DEPRECATED_OBJC_IMPLEMENTATIONS = YES;
				CLANG_WARN_DIRECT_OBJC_ISA_USAGE = YES_ERROR;
				CLANG_WARN_DOCUMENTATION_COMMENTS = YES;
				CLANG_WARN_EMPTY_BODY = YES;
				CLANG_WARN_ENUM_CONVERSION = YES;
				CLANG_WARN_INFINITE_RECURSION = YES;
				CLANG_WARN_INT_CONVERSION = YES;
				CLANG_WARN_NON_LITERAL_NULL_CONVERSION = YES;
				CLANG_WARN_OBJC_IMPLICIT_RETAIN_SELF = YES;
				CLANG_WARN_OBJC_LITERAL_CONVERSION = YES;
				CLANG_WARN_OBJC_ROOT_CLASS = YES_ERROR;
				CLANG_WARN_QUOTED_INCLUDE_IN_FRAMEWORK_HEADER = YES;
				CLANG_WARN_RANGE_LOOP_ANALYSIS = YES;
				CLANG_WARN_STRICT_PROTOTYPES = YES;
				CLANG_WARN_SUSPICIOUS_MOVE = YES;
				CLANG_WARN_UNGUARDED_AVAILABILITY = YES_AGGRESSIVE;
				CLANG_WARN_UNREACHABLE_CODE = YES;
				CLANG_WARN__DUPLICATE_METHOD_MATCH = YES;
				COPY_PHASE_STRIP = NO;
				DEBUG_INFORMATION_FORMAT = "dwarf-with-dsym";
				ENABLE_NS_ASSERTIONS = NO;
				ENABLE_STRICT_OBJC_MSGSEND = YES;
				ENABLE_USER_SCRIPT_SANDBOXING = YES;
				GCC_C_LANGUAGE_STANDARD = gnu17;
				GCC_NO_COMMON_BLOCKS = YES;
				GCC_WARN_64_TO_32_BIT_CONVERSION = YES;
				GCC_WARN_ABOUT_RETURN_TYPE = YES_ERROR;
				GCC_WARN_UNDECLARED_SELECTOR = YES;
				GCC_WARN_UNINITIALIZED_AUTOS = YES_AGGRESSIVE;
				GCC_WARN_UNUSED_FUNCTION = YES;
				GCC_WARN_UNUSED_VARIABLE = YES;
				IPHONEOS_DEPLOYMENT_TARGET = 18.2;
				LOCALIZATION_PREFERS_STRING_CATALOGS = YES;
				MTL_ENABLE_DEBUG_INFO = NO;
				MTL_FAST_MATH = YES;
				SDKROOT = iphoneos;
				SWIFT_COMPILATION_MODE = wholemodule;
				VALIDATE_PRODUCT = YES;
			};
			name = Release;
		};
		25D6D2FD2E7F5B4E003013B0 /* Debug */ = {
			isa = XCBuildConfiguration;
			buildSettings = {
				BUNDLE_LOADER = "$(TEST_HOST)";
				CODE_SIGN_STYLE = Automatic;
				CURRENT_PROJECT_VERSION = 1;
				DEVELOPMENT_TEAM = QC8Z9GFDQU;
				GENERATE_INFOPLIST_FILE = YES;
				IPHONEOS_DEPLOYMENT_TARGET = 18.2;
				MARKETING_VERSION = 1.0;
				PRODUCT_BUNDLE_IDENTIFIER = "fabrialmera-services.Timer-SwifTests";
				PRODUCT_NAME = "$(TARGET_NAME)";
				SWIFT_EMIT_LOC_STRINGS = NO;
				SWIFT_VERSION = 5.0;
				TARGETED_DEVICE_FAMILY = "1,2";
				TEST_HOST = "$(BUILT_PRODUCTS_DIR)/Timer Swif.app/$(BUNDLE_EXECUTABLE_FOLDER_PATH)/Timer Swif";
			};
			name = Debug;
		};
		25D6D2FE2E7F5B4E003013B0 /* Release */ = {
			isa = XCBuildConfiguration;
			buildSettings = {
				BUNDLE_LOADER = "$(TEST_HOST)";
				CODE_SIGN_STYLE = Automatic;
				CURRENT_PROJECT_VERSION = 1;
				DEVELOPMENT_TEAM = QC8Z9GFDQU;
				GENERATE_INFOPLIST_FILE = YES;
				IPHONEOS_DEPLOYMENT_TARGET = 18.2;
				MARKETING_VERSION = 1.0;
				PRODUCT_BUNDLE_IDENTIFIER = "fabrialmera-services.Timer-SwifTests";
				PRODUCT_NAME = "$(TARGET_NAME)";
				SWIFT_EMIT_LOC_STRINGS = NO;
				SWIFT_VERSION = 5.0;
				TARGETED_DEVICE_FAMILY = "1,2";
				TEST_HOST = "$(BUILT_PRODUCTS_DIR)/Timer Swif.app/$(BUNDLE_EXECUTABLE_FOLDER_PATH)/Timer Swif";
			};
			name = Release;
		};
		25D6D3002E7F5B4E003013B0 /* Debug */ = {
			isa = XCBuildConfiguration;
			buildSettings = {
				CODE_SIGN_STYLE = Automatic;
				CURRENT_PROJECT_VERSION = 1;
				DEVELOPMENT_TEAM = QC8Z9GFDQU;
				GENERATE_INFOPLIST_FILE = YES;
				MARKETING_VERSION = 1.0;
				PRODUCT_BUNDLE_IDENTIFIER = "fabrialmera-services.Timer-SwifUITests";
				PRODUCT_NAME = "$(TARGET_NAME)";
				SWIFT_EMIT_LOC_STRINGS = NO;
				SWIFT_VERSION = 5.0;
				TARGETED_DEVICE_FAMILY = "1,2";
				TEST_TARGET_NAME = "Timer Swif";
			};
			name = Debug;
		};
		25D6D3012E7F5B4E003013B0 /* Release */ = {
			isa = XCBuildConfiguration;
			buildSettings = {
				CODE_SIGN_STYLE = Automatic;
				CURRENT_PROJECT_VERSION = 1;
				DEVELOPMENT_TEAM = QC8Z9GFDQU;
				GENERATE_INFOPLIST_FILE = YES;
				MARKETING_VERSION = 1.0;
				PRODUCT_BUNDLE_IDENTIFIER = "fabrialmera-services.Timer-SwifUITests";
				PRODUCT_NAME = "$(TARGET_NAME)";
				SWIFT_EMIT_LOC_STRINGS = NO;
				SWIFT_VERSION = 5.0;
				TARGETED_DEVICE_FAMILY = "1,2";
				TEST_TARGET_NAME = "Timer Swif";
			};
			name = Release;
		};
/* End XCBuildConfiguration section */

/* Begin XCConfigurationList section */
		25D6D2C92E7F5B4B003013B0 /* Build configuration list for PBXProject "Timer Swif" */ = {
			isa = XCConfigurationList;
			buildConfigurations = (
				25D6D2FA2E7F5B4E003013B0 /* Debug */,
				25D6D2FB2E7F5B4E003013B0 /* Release */,
			);
			defaultConfigurationIsVisible = 0;
			defaultConfigurationName = Release;
		};
		25D6D2F72E7F5B4E003013B0 /* Build configuration list for PBXNativeTarget "Timer Swif" */ = {
			isa = XCConfigurationList;
			buildConfigurations = (
				25D6D2F82E7F5B4E003013B0 /* Debug */,
				25D6D2F92E7F5B4E003013B0 /* Release */,
			);
			defaultConfigurationIsVisible = 0;
			defaultConfigurationName = Release;
		};
		25D6D2FC2E7F5B4E003013B0 /* Build configuration list for PBXNativeTarget "Timer SwifTests" */ = {
			isa = XCConfigurationList;
			buildConfigurations = (
				25D6D2FD2E7F5B4E003013B0 /* Debug */,
				25D6D2FE2E7F5B4E003013B0 /* Release */,
			);
			defaultConfigurationIsVisible = 0;
			defaultConfigurationName = Release;
		};
		25D6D2FF2E7F5B4E003013B0 /* Build configuration list for PBXNativeTarget "Timer SwifUITests" */ = {
			isa = XCConfigurationList;
			buildConfigurations = (
				25D6D3002E7F5B4E003013B0 /* Debug */,
				25D6D3012E7F5B4E003013B0 /* Release */,
			);
			defaultConfigurationIsVisible = 0;
			defaultConfigurationName = Release;
		};
/* End XCConfigurationList section */
	};
	rootObject = 25D6D2C62E7F5B4B003013B0 /* Project object */;
}
